
Microsoft Visual Studio Solution File, Format Version 12.00
# Visual Studio Version 17
VisualStudioVersion = 17.11.35208.52
MinimumVisualStudioVersion = 10.0.40219.1
Project("{9A19103F-16F7-4668-BE54-9A1E7A4F7556}") = "CashRegister2024.Droid", "CashRegister2024\CashRegister2024.Droid\CashRegister2024.Droid.csproj", "{2FE1B522-137A-4EA6-B65D-B055A7B3318E}"
EndProject
Project("{9A19103F-16F7-4668-BE54-9A1E7A4F7556}") = "CashRegister2024.iOS", "CashRegister2024\CashRegister2024.iOS\CashRegister2024.iOS.csproj", "{D15F4C46-A87F-4A9F-96E7-4EAFD4B0CE40}"
EndProject
Project("{9A19103F-16F7-4668-BE54-9A1E7A4F7556}") = "CashRegister2024.Mac", "CashRegister2024\CashRegister2024.Mac\CashRegister2024.Mac.csproj", "{6E5977F1-2B24-4340-8DD2-B4D92A46FD2A}"
EndProject
Project("{9A19103F-16F7-4668-BE54-9A1E7A4F7556}") = "CashRegister2024.WinUI", "CashRegister2024\CashRegister2024.WinUI\CashRegister2024.WinUI.csproj", "{EBCE611B-3989-4F15-A396-0BBEEDE24040}"
EndProject
Project("{9A19103F-16F7-4668-BE54-9A1E7A4F7556}") = "CashRegister2024", "CashRegister2024\CashRegister2024\CashRegister2024.csproj", "{99D7C6A8-9FC1-471C-89C6-695506E0C33F}"
EndProject
Global
	GlobalSection(SolutionConfigurationPlatforms) = preSolution
		Debug|Any CPU = Debug|Any CPU
		Debug|ARM64 = Debug|ARM64
		Debug|x64 = Debug|x64
		Debug|x86 = Debug|x86
		Release|Any CPU = Release|Any CPU
		Release|ARM64 = Release|ARM64
		Release|x64 = Release|x64
		Release|x86 = Release|x86
	EndGlobalSection
	GlobalSection(ProjectConfigurationPlatforms) = postSolution
		{2FE1B522-137A-4EA6-B65D-B055A7B3318E}.Debug|Any CPU.ActiveCfg = Debug|Any CPU
		{2FE1B522-137A-4EA6-B65D-B055A7B3318E}.Debug|Any CPU.Build.0 = Debug|Any CPU
		{2FE1B522-137A-4EA6-B65D-B055A7B3318E}.Debug|Any CPU.Deploy.0 = Debug|Any CPU
		{2FE1B522-137A-4EA6-B65D-B055A7B3318E}.Debug|ARM64.ActiveCfg = Debug|Any CPU
		{2FE1B522-137A-4EA6-B65D-B055A7B3318E}.Debug|ARM64.Build.0 = Debug|Any CPU
		{2FE1B522-137A-4EA6-B65D-B055A7B3318E}.Debug|ARM64.Deploy.0 = Debug|Any CPU
		{2FE1B522-137A-4EA6-B65D-B055A7B3318E}.Debug|x64.ActiveCfg = Debug|Any CPU
		{2FE1B522-137A-4EA6-B65D-B055A7B3318E}.Debug|x64.Build.0 = Debug|Any CPU
		{2FE1B522-137A-4EA6-B65D-B055A7B3318E}.Debug|x64.Deploy.0 = Debug|Any CPU
		{2FE1B522-137A-4EA6-B65D-B055A7B3318E}.Debug|x86.ActiveCfg = Debug|Any CPU
		{2FE1B522-137A-4EA6-B65D-B055A7B3318E}.Debug|x86.Build.0 = Debug|Any CPU
		{2FE1B522-137A-4EA6-B65D-B055A7B3318E}.Debug|x86.Deploy.0 = Debug|Any CPU
		{2FE1B522-137A-4EA6-B65D-B055A7B3318E}.Release|Any CPU.ActiveCfg = Release|Any CPU
		{2FE1B522-137A-4EA6-B65D-B055A7B3318E}.Release|Any CPU.Build.0 = Release|Any CPU
		{2FE1B522-137A-4EA6-B65D-B055A7B3318E}.Release|Any CPU.Deploy.0 = Release|Any CPU
		{2FE1B522-137A-4EA6-B65D-B055A7B3318E}.Release|ARM64.ActiveCfg = Release|Any CPU
		{2FE1B522-137A-4EA6-B65D-B055A7B3318E}.Release|ARM64.Build.0 = Release|Any CPU
		{2FE1B522-137A-4EA6-B65D-B055A7B3318E}.Release|ARM64.Deploy.0 = Release|Any CPU
		{2FE1B522-137A-4EA6-B65D-B055A7B3318E}.Release|x64.ActiveCfg = Release|Any CPU
		{2FE1B522-137A-4EA6-B65D-B055A7B3318E}.Release|x64.Build.0 = Release|Any CPU
		{2FE1B522-137A-4EA6-B65D-B055A7B3318E}.Release|x64.Deploy.0 = Release|Any CPU
		{2FE1B522-137A-4EA6-B65D-B055A7B3318E}.Release|x86.ActiveCfg = Release|Any CPU
		{2FE1B522-137A-4EA6-B65D-B055A7B3318E}.Release|x86.Build.0 = Release|Any CPU
		{2FE1B522-137A-4EA6-B65D-B055A7B3318E}.Release|x86.Deploy.0 = Release|Any CPU
		{D15F4C46-A87F-4A9F-96E7-4EAFD4B0CE40}.Debug|Any CPU.ActiveCfg = Debug|Any CPU
		{D15F4C46-A87F-4A9F-96E7-4EAFD4B0CE40}.Debug|Any CPU.Build.0 = Debug|Any CPU
		{D15F4C46-A87F-4A9F-96E7-4EAFD4B0CE40}.Debug|Any CPU.Deploy.0 = Debug|Any CPU
		{D15F4C46-A87F-4A9F-96E7-4EAFD4B0CE40}.Debug|ARM64.ActiveCfg = Debug|Any CPU
		{D15F4C46-A87F-4A9F-96E7-4EAFD4B0CE40}.Debug|ARM64.Build.0 = Debug|Any CPU
		{D15F4C46-A87F-4A9F-96E7-4EAFD4B0CE40}.Debug|ARM64.Deploy.0 = Debug|Any CPU
		{D15F4C46-A87F-4A9F-96E7-4EAFD4B0CE40}.Debug|x64.ActiveCfg = Debug|Any CPU
		{D15F4C46-A87F-4A9F-96E7-4EAFD4B0CE40}.Debug|x64.Build.0 = Debug|Any CPU
		{D15F4C46-A87F-4A9F-96E7-4EAFD4B0CE40}.Debug|x64.Deploy.0 = Debug|Any CPU
		{D15F4C46-A87F-4A9F-96E7-4EAFD4B0CE40}.Debug|x86.ActiveCfg = Debug|Any CPU
		{D15F4C46-A87F-4A9F-96E7-4EAFD4B0CE40}.Debug|x86.Build.0 = Debug|Any CPU
		{D15F4C46-A87F-4A9F-96E7-4EAFD4B0CE40}.Debug|x86.Deploy.0 = Debug|Any CPU
		{D15F4C46-A87F-4A9F-96E7-4EAFD4B0CE40}.Release|Any CPU.ActiveCfg = Release|Any CPU
		{D15F4C46-A87F-4A9F-96E7-4EAFD4B0CE40}.Release|Any CPU.Build.0 = Release|Any CPU
		{D15F4C46-A87F-4A9F-96E7-4EAFD4B0CE40}.Release|Any CPU.Deploy.0 = Release|Any CPU
		{D15F4C46-A87F-4A9F-96E7-4EAFD4B0CE40}.Release|ARM64.ActiveCfg = Release|Any CPU
		{D15F4C46-A87F-4A9F-96E7-4EAFD4B0CE40}.Release|ARM64.Build.0 = Release|Any CPU
		{D15F4C46-A87F-4A9F-96E7-4EAFD4B0CE40}.Release|ARM64.Deploy.0 = Release|Any CPU
		{D15F4C46-A87F-4A9F-96E7-4EAFD4B0CE40}.Release|x64.ActiveCfg = Release|Any CPU
		{D15F4C46-A87F-4A9F-96E7-4EAFD4B0CE40}.Release|x64.Build.0 = Release|Any CPU
		{D15F4C46-A87F-4A9F-96E7-4EAFD4B0CE40}.Release|x64.Deploy.0 = Release|Any CPU
		{D15F4C46-A87F-4A9F-96E7-4EAFD4B0CE40}.Release|x86.ActiveCfg = Release|Any CPU
		{D15F4C46-A87F-4A9F-96E7-4EAFD4B0CE40}.Release|x86.Build.0 = Release|Any CPU
		{D15F4C46-A87F-4A9F-96E7-4EAFD4B0CE40}.Release|x86.Deploy.0 = Release|Any CPU
		{6E5977F1-2B24-4340-8DD2-B4D92A46FD2A}.Debug|Any CPU.ActiveCfg = Debug|Any CPU
		{6E5977F1-2B24-4340-8DD2-B4D92A46FD2A}.Debug|Any CPU.Build.0 = Debug|Any CPU
		{6E5977F1-2B24-4340-8DD2-B4D92A46FD2A}.Debug|Any CPU.Deploy.0 = Debug|Any CPU
		{6E5977F1-2B24-4340-8DD2-B4D92A46FD2A}.Debug|ARM64.ActiveCfg = Debug|Any CPU
		{6E5977F1-2B24-4340-8DD2-B4D92A46FD2A}.Debug|ARM64.Build.0 = Debug|Any CPU
		{6E5977F1-2B24-4340-8DD2-B4D92A46FD2A}.Debug|ARM64.Deploy.0 = Debug|Any CPU
		{6E5977F1-2B24-4340-8DD2-B4D92A46FD2A}.Debug|x64.ActiveCfg = Debug|Any CPU
		{6E5977F1-2B24-4340-8DD2-B4D92A46FD2A}.Debug|x64.Build.0 = Debug|Any CPU
		{6E5977F1-2B24-4340-8DD2-B4D92A46FD2A}.Debug|x64.Deploy.0 = Debug|Any CPU
		{6E5977F1-2B24-4340-8DD2-B4D92A46FD2A}.Debug|x86.ActiveCfg = Debug|Any CPU
		{6E5977F1-2B24-4340-8DD2-B4D92A46FD2A}.Debug|x86.Build.0 = Debug|Any CPU
		{6E5977F1-2B24-4340-8DD2-B4D92A46FD2A}.Debug|x86.Deploy.0 = Debug|Any CPU
		{6E5977F1-2B24-4340-8DD2-B4D92A46FD2A}.Release|Any CPU.ActiveCfg = Release|Any CPU
		{6E5977F1-2B24-4340-8DD2-B4D92A46FD2A}.Release|Any CPU.Build.0 = Release|Any CPU
		{6E5977F1-2B24-4340-8DD2-B4D92A46FD2A}.Release|Any CPU.Deploy.0 = Release|Any CPU
		{6E5977F1-2B24-4340-8DD2-B4D92A46FD2A}.Release|ARM64.ActiveCfg = Release|Any CPU
		{6E5977F1-2B24-4340-8DD2-B4D92A46FD2A}.Release|ARM64.Build.0 = Release|Any CPU
		{6E5977F1-2B24-4340-8DD2-B4D92A46FD2A}.Release|ARM64.Deploy.0 = Release|Any CPU
		{6E5977F1-2B24-4340-8DD2-B4D92A46FD2A}.Release|x64.ActiveCfg = Release|Any CPU
		{6E5977F1-2B24-4340-8DD2-B4D92A46FD2A}.Release|x64.Build.0 = Release|Any CPU
		{6E5977F1-2B24-4340-8DD2-B4D92A46FD2A}.Release|x64.Deploy.0 = Release|Any CPU
		{6E5977F1-2B24-4340-8DD2-B4D92A46FD2A}.Release|x86.ActiveCfg = Release|Any CPU
		{6E5977F1-2B24-4340-8DD2-B4D92A46FD2A}.Release|x86.Build.0 = Release|Any CPU
		{6E5977F1-2B24-4340-8DD2-B4D92A46FD2A}.Release|x86.Deploy.0 = Release|Any CPU
		{EBCE611B-3989-4F15-A396-0BBEEDE24040}.Debug|Any CPU.ActiveCfg = Debug|x64
		{EBCE611B-3989-4F15-A396-0BBEEDE24040}.Debug|Any CPU.Build.0 = Debug|x64
		{EBCE611B-3989-4F15-A396-0BBEEDE24040}.Debug|Any CPU.Deploy.0 = Debug|x64
		{EBCE611B-3989-4F15-A396-0BBEEDE24040}.Debug|ARM64.ActiveCfg = Debug|ARM64
		{EBCE611B-3989-4F15-A396-0BBEEDE24040}.Debug|ARM64.Build.0 = Debug|ARM64
		{EBCE611B-3989-4F15-A396-0BBEEDE24040}.Debug|ARM64.Deploy.0 = Debug|ARM64
		{EBCE611B-3989-4F15-A396-0BBEEDE24040}.Debug|x64.ActiveCfg = Debug|x64
		{EBCE611B-3989-4F15-A396-0BBEEDE24040}.Debug|x64.Build.0 = Debug|x64
		{EBCE611B-3989-4F15-A396-0BBEEDE24040}.Debug|x64.Deploy.0 = Debug|x64
		{EBCE611B-3989-4F15-A396-0BBEEDE24040}.Debug|x86.ActiveCfg = Debug|x86
		{EBCE611B-3989-4F15-A396-0BBEEDE24040}.Debug|x86.Build.0 = Debug|x86
		{EBCE611B-3989-4F15-A396-0BBEEDE24040}.Debug|x86.Deploy.0 = Debug|x86
		{EBCE611B-3989-4F15-A396-0BBEEDE24040}.Release|Any CPU.ActiveCfg = Release|x64
		{EBCE611B-3989-4F15-A396-0BBEEDE24040}.Release|Any CPU.Build.0 = Release|x64
		{EBCE611B-3989-4F15-A396-0BBEEDE24040}.Release|Any CPU.Deploy.0 = Release|x64
		{EBCE611B-3989-4F15-A396-0BBEEDE24040}.Release|ARM64.ActiveCfg = Release|ARM64
		{EBCE611B-3989-4F15-A396-0BBEEDE24040}.Release|ARM64.Build.0 = Release|ARM64
		{EBCE611B-3989-4F15-A396-0BBEEDE24040}.Release|ARM64.Deploy.0 = Release|ARM64
		{EBCE611B-3989-4F15-A396-0BBEEDE24040}.Release|x64.ActiveCfg = Release|x64
		{EBCE611B-3989-4F15-A396-0BBEEDE24040}.Release|x64.Build.0 = Release|x64
		{EBCE611B-3989-4F15-A396-0BBEEDE24040}.Release|x64.Deploy.0 = Release|x64
		{EBCE611B-3989-4F15-A396-0BBEEDE24040}.Release|x86.ActiveCfg = Release|x86
		{EBCE611B-3989-4F15-A396-0BBEEDE24040}.Release|x86.Build.0 = Release|x86
		{EBCE611B-3989-4F15-A396-0BBEEDE24040}.Release|x86.Deploy.0 = Release|x86
		{99D7C6A8-9FC1-471C-89C6-695506E0C33F}.Debug|Any CPU.ActiveCfg = Debug|Any CPU
		{99D7C6A8-9FC1-471C-89C6-695506E0C33F}.Debug|Any CPU.Build.0 = Debug|Any CPU
		{99D7C6A8-9FC1-471C-89C6-695506E0C33F}.Debug|ARM64.ActiveCfg = Debug|Any CPU
		{99D7C6A8-9FC1-471C-89C6-695506E0C33F}.Debug|ARM64.Build.0 = Debug|Any CPU
		{99D7C6A8-9FC1-471C-89C6-695506E0C33F}.Debug|x64.ActiveCfg = Debug|Any CPU
		{99D7C6A8-9FC1-471C-89C6-695506E0C33F}.Debug|x64.Build.0 = Debug|Any CPU
		{99D7C6A8-9FC1-471C-89C6-695506E0C33F}.Debug|x86.ActiveCfg = Debug|Any CPU
		{99D7C6A8-9FC1-471C-89C6-695506E0C33F}.Debug|x86.Build.0 = Debug|Any CPU
		{99D7C6A8-9FC1-471C-89C6-695506E0C33F}.Release|Any CPU.ActiveCfg = Release|Any CPU
		{99D7C6A8-9FC1-471C-89C6-695506E0C33F}.Release|Any CPU.Build.0 = Release|Any CPU
		{99D7C6A8-9FC1-471C-89C6-695506E0C33F}.Release|ARM64.ActiveCfg = Release|Any CPU
		{99D7C6A8-9FC1-471C-89C6-695506E0C33F}.Release|ARM64.Build.0 = Release|Any CPU
		{99D7C6A8-9FC1-471C-89C6-695506E0C33F}.Release|x64.ActiveCfg = Release|Any CPU
		{99D7C6A8-9FC1-471C-89C6-695506E0C33F}.Release|x64.Build.0 = Release|Any CPU
		{99D7C6A8-9FC1-471C-89C6-695506E0C33F}.Release|x86.ActiveCfg = Release|Any CPU
		{99D7C6A8-9FC1-471C-89C6-695506E0C33F}.Release|x86.Build.0 = Release|Any CPU
	EndGlobalSection
	GlobalSection(SolutionProperties) = preSolution
		HideSolutionNode = FALSE
	EndGlobalSection
	GlobalSection(ExtensibilityGlobals) = postSolution
		SolutionGuid = {E7C9F597-01B8-4C18-A743-F49E426E1521}
	EndGlobalSection
EndGlobal
